// !$*UTF8*$!
{
	archiveVersion = 1;
	classes = {
	};
	objectVersion = 55;
	objects = {

/* Begin PBXBuildFile section */
		521C1A18421C1C24691FE245 /* Pods_IOS_PayApp.framework in Frameworks */ = {isa = PBXBuildFile; fileRef = BC127064DAF0289D87BC102A /* Pods_IOS_PayApp.framework */; };
		D33861CB2A8D77A50035B02D /* Extensions.swift in Sources */ = {isa = PBXBuildFile; fileRef = D33861CA2A8D77A50035B02D /* Extensions.swift */; };
		D33861CF2A8D898A0035B02D /* CustomCardCiew.swift in Sources */ = {isa = PBXBuildFile; fileRef = D33861CE2A8D898A0035B02D /* CustomCardCiew.swift */; };
		D37426EE2A8585C200AE6F6E /* Functions.swift in Sources */ = {isa = PBXBuildFile; fileRef = D37426ED2A8585C200AE6F6E /* Functions.swift */; };
		D37426F12A8588A100AE6F6E /* InfoBottomSheet.swift in Sources */ = {isa = PBXBuildFile; fileRef = D37426F02A8588A100AE6F6E /* InfoBottomSheet.swift */; };
		D3817AF62A8442DB008F75BF /* AppDelegate.swift in Sources */ = {isa = PBXBuildFile; fileRef = D3817AF52A8442DB008F75BF /* AppDelegate.swift */; };
		D3817AF82A8442DB008F75BF /* SceneDelegate.swift in Sources */ = {isa = PBXBuildFile; fileRef = D3817AF72A8442DB008F75BF /* SceneDelegate.swift */; };
		D3817AFA2A8442DB008F75BF /* ViewController.swift in Sources */ = {isa = PBXBuildFile; fileRef = D3817AF92A8442DB008F75BF /* ViewController.swift */; };
		D3817AFD2A8442DB008F75BF /* Main.storyboard in Resources */ = {isa = PBXBuildFile; fileRef = D3817AFB2A8442DB008F75BF /* Main.storyboard */; };
		D3817B002A8442DB008F75BF /* IOS_PayApp.xcdatamodeld in Sources */ = {isa = PBXBuildFile; fileRef = D3817AFE2A8442DB008F75BF /* IOS_PayApp.xcdatamodeld */; };
		D3817B022A8442DC008F75BF /* Assets.xcassets in Resources */ = {isa = PBXBuildFile; fileRef = D3817B012A8442DC008F75BF /* Assets.xcassets */; };
		D3817B052A8442DC008F75BF /* LaunchScreen.storyboard in Resources */ = {isa = PBXBuildFile; fileRef = D3817B032A8442DC008F75BF /* LaunchScreen.storyboard */; };
		D3878E312A8735B000A704D1 /* Partial.swift in Sources */ = {isa = PBXBuildFile; fileRef = D3878E302A8735B000A704D1 /* Partial.swift */; };
		D3878E342A873D2C00A704D1 /* UserProfile.swift in Sources */ = {isa = PBXBuildFile; fileRef = D3878E332A873D2C00A704D1 /* UserProfile.swift */; };
		D3878E3A2A876ECF00A704D1 /* SelectCountry.swift in Sources */ = {isa = PBXBuildFile; fileRef = D3878E392A876ECF00A704D1 /* SelectCountry.swift */; };
/* End PBXBuildFile section */

/* Begin PBXFileReference section */
		AD4FFE5AFA4BE4F0727CFA46 /* Pods-IOS PayApp.release.xcconfig */ = {isa = PBXFileReference; includeInIndex = 1; lastKnownFileType = text.xcconfig; name = "Pods-IOS PayApp.release.xcconfig"; path = "Target Support Files/Pods-IOS PayApp/Pods-IOS PayApp.release.xcconfig"; sourceTree = "<group>"; };
		BC127064DAF0289D87BC102A /* Pods_IOS_PayApp.framework */ = {isa = PBXFileReference; explicitFileType = wrapper.framework; includeInIndex = 0; path = Pods_IOS_PayApp.framework; sourceTree = BUILT_PRODUCTS_DIR; };
		D33861CA2A8D77A50035B02D /* Extensions.swift */ = {isa = PBXFileReference; lastKnownFileType = sourcecode.swift; path = Extensions.swift; sourceTree = "<group>"; };
		D33861CE2A8D898A0035B02D /* CustomCardCiew.swift */ = {isa = PBXFileReference; lastKnownFileType = sourcecode.swift; path = CustomCardCiew.swift; sourceTree = "<group>"; };
		D37426ED2A8585C200AE6F6E /* Functions.swift */ = {isa = PBXFileReference; lastKnownFileType = sourcecode.swift; path = Functions.swift; sourceTree = "<group>"; };
		D37426F02A8588A100AE6F6E /* InfoBottomSheet.swift */ = {isa = PBXFileReference; lastKnownFileType = sourcecode.swift; path = InfoBottomSheet.swift; sourceTree = "<group>"; };
		D3817AF22A8442DB008F75BF /* IOS PayApp.app */ = {isa = PBXFileReference; explicitFileType = wrapper.application; includeInIndex = 0; path = "IOS PayApp.app"; sourceTree = BUILT_PRODUCTS_DIR; };
		D3817AF52A8442DB008F75BF /* AppDelegate.swift */ = {isa = PBXFileReference; lastKnownFileType = sourcecode.swift; path = AppDelegate.swift; sourceTree = "<group>"; };
		D3817AF72A8442DB008F75BF /* SceneDelegate.swift */ = {isa = PBXFileReference; lastKnownFileType = sourcecode.swift; path = SceneDelegate.swift; sourceTree = "<group>"; };
		D3817AF92A8442DB008F75BF /* ViewController.swift */ = {isa = PBXFileReference; lastKnownFileType = sourcecode.swift; path = ViewController.swift; sourceTree = "<group>"; };
		D3817AFC2A8442DB008F75BF /* Base */ = {isa = PBXFileReference; lastKnownFileType = file.storyboard; name = Base; path = Base.lproj/Main.storyboard; sourceTree = "<group>"; };
		D3817AFF2A8442DB008F75BF /* IOS_PayApp.xcdatamodel */ = {isa = PBXFileReference; lastKnownFileType = wrapper.xcdatamodel; path = IOS_PayApp.xcdatamodel; sourceTree = "<group>"; };
		D3817B012A8442DC008F75BF /* Assets.xcassets */ = {isa = PBXFileReference; lastKnownFileType = folder.assetcatalog; path = Assets.xcassets; sourceTree = "<group>"; };
		D3817B042A8442DC008F75BF /* Base */ = {isa = PBXFileReference; lastKnownFileType = file.storyboard; name = Base; path = Base.lproj/LaunchScreen.storyboard; sourceTree = "<group>"; };
		D3817B062A8442DC008F75BF /* Info.plist */ = {isa = PBXFileReference; lastKnownFileType = text.plist.xml; path = Info.plist; sourceTree = "<group>"; };
		D3878E302A8735B000A704D1 /* Partial.swift */ = {isa = PBXFileReference; lastKnownFileType = sourcecode.swift; path = Partial.swift; sourceTree = "<group>"; };
		D3878E332A873D2C00A704D1 /* UserProfile.swift */ = {isa = PBXFileReference; lastKnownFileType = sourcecode.swift; path = UserProfile.swift; sourceTree = "<group>"; };
		D3878E392A876ECF00A704D1 /* SelectCountry.swift */ = {isa = PBXFileReference; lastKnownFileType = sourcecode.swift; path = SelectCountry.swift; sourceTree = "<group>"; };
		DA7D164B2E7CE6E6B2143B66 /* Pods-IOS PayApp.debug.xcconfig */ = {isa = PBXFileReference; includeInIndex = 1; lastKnownFileType = text.xcconfig; name = "Pods-IOS PayApp.debug.xcconfig"; path = "Target Support Files/Pods-IOS PayApp/Pods-IOS PayApp.debug.xcconfig"; sourceTree = "<group>"; };
/* End PBXFileReference section */

/* Begin PBXFrameworksBuildPhase section */
		D3817AEF2A8442DB008F75BF /* Frameworks */ = {
			isa = PBXFrameworksBuildPhase;
			buildActionMask = 2147483647;
			files = (
				521C1A18421C1C24691FE245 /* Pods_IOS_PayApp.framework in Frameworks */,
			);
			runOnlyForDeploymentPostprocessing = 0;
		};
/* End PBXFrameworksBuildPhase section */

/* Begin PBXGroup section */
		08D04D42379C38ECD6FF5C6F /* Pods */ = {
			isa = PBXGroup;
			children = (
				DA7D164B2E7CE6E6B2143B66 /* Pods-IOS PayApp.debug.xcconfig */,
				AD4FFE5AFA4BE4F0727CFA46 /* Pods-IOS PayApp.release.xcconfig */,
			);
			path = Pods;
			sourceTree = "<group>";
		};
		09CFD2463B02B89ECCC522F7 /* Frameworks */ = {
			isa = PBXGroup;
			children = (
				BC127064DAF0289D87BC102A /* Pods_IOS_PayApp.framework */,
			);
			name = Frameworks;
			sourceTree = "<group>";
		};
		D33861C92A8D778B0035B02D /* Extensions */ = {
			isa = PBXGroup;
			children = (
				D33861CA2A8D77A50035B02D /* Extensions.swift */,
			);
			path = Extensions;
			sourceTree = "<group>";
		};
		D37426EF2A85888100AE6F6E /* BottomSheet */ = {
			isa = PBXGroup;
			children = (
				D3878E2F2A87356A00A704D1 /* Partial */,
				D37426F02A8588A100AE6F6E /* InfoBottomSheet.swift */,
			);
			path = BottomSheet;
			sourceTree = "<group>";
		};
		D3817AE92A8442DB008F75BF = {
			isa = PBXGroup;
			children = (
				D3817AF42A8442DB008F75BF /* IOS PayApp */,
				D3817AF32A8442DB008F75BF /* Products */,
				08D04D42379C38ECD6FF5C6F /* Pods */,
				09CFD2463B02B89ECCC522F7 /* Frameworks */,
			);
			sourceTree = "<group>";
		};
		D3817AF32A8442DB008F75BF /* Products */ = {
			isa = PBXGroup;
			children = (
				D3817AF22A8442DB008F75BF /* IOS PayApp.app */,
			);
			name = Products;
			sourceTree = "<group>";
		};
		D3817AF42A8442DB008F75BF /* IOS PayApp */ = {
			isa = PBXGroup;
			children = (
				D33861C92A8D778B0035B02D /* Extensions */,
				D3878E382A876EBB00A704D1 /* Sections */,
				D3878E322A873D1100A704D1 /* Pages */,
				D37426EF2A85888100AE6F6E /* BottomSheet */,
				D3817AF52A8442DB008F75BF /* AppDelegate.swift */,
				D3817AF72A8442DB008F75BF /* SceneDelegate.swift */,
				D3817AF92A8442DB008F75BF /* ViewController.swift */,
				D37426ED2A8585C200AE6F6E /* Functions.swift */,
				D3817AFB2A8442DB008F75BF /* Main.storyboard */,
				D3817B012A8442DC008F75BF /* Assets.xcassets */,
				D3817B032A8442DC008F75BF /* LaunchScreen.storyboard */,
				D3817B062A8442DC008F75BF /* Info.plist */,
				D3817AFE2A8442DB008F75BF /* IOS_PayApp.xcdatamodeld */,
			);
			path = "IOS PayApp";
			sourceTree = "<group>";
		};
		D3878E2F2A87356A00A704D1 /* Partial */ = {
			isa = PBXGroup;
			children = (
				D3878E302A8735B000A704D1 /* Partial.swift */,
			);
			path = Partial;
			sourceTree = "<group>";
		};
		D3878E322A873D1100A704D1 /* Pages */ = {
			isa = PBXGroup;
			children = (
				D3878E332A873D2C00A704D1 /* UserProfile.swift */,
			);
			path = Pages;
			sourceTree = "<group>";
		};
		D3878E382A876EBB00A704D1 /* Sections */ = {
			isa = PBXGroup;
			children = (
				D3878E392A876ECF00A704D1 /* SelectCountry.swift */,
				D33861CE2A8D898A0035B02D /* CustomCardCiew.swift */,
			);
			path = Sections;
			sourceTree = "<group>";
		};
/* End PBXGroup section */

/* Begin PBXNativeTarget section */
		D3817AF12A8442DB008F75BF /* IOS PayApp */ = {
			isa = PBXNativeTarget;
			buildConfigurationList = D3817B092A8442DC008F75BF /* Build configuration list for PBXNativeTarget "IOS PayApp" */;
			buildPhases = (
				E6D9ABCE094CB431637C07FA /* [CP] Check Pods Manifest.lock */,
				D3817AEE2A8442DB008F75BF /* Sources */,
				D3817AEF2A8442DB008F75BF /* Frameworks */,
				D3817AF02A8442DB008F75BF /* Resources */,
				5C1822E0DDBF9F04755C1F70 /* [CP] Embed Pods Frameworks */,
			);
			buildRules = (
			);
			dependencies = (
			);
			name = "IOS PayApp";
			productName = "IOS PayApp";
			productReference = D3817AF22A8442DB008F75BF /* IOS PayApp.app */;
			productType = "com.apple.product-type.application";
		};
/* End PBXNativeTarget section */

/* Begin PBXProject section */
		D3817AEA2A8442DB008F75BF /* Project object */ = {
			isa = PBXProject;
			attributes = {
				BuildIndependentTargetsInParallel = 1;
				LastSwiftUpdateCheck = 1430;
				LastUpgradeCheck = 1430;
				TargetAttributes = {
					D3817AF12A8442DB008F75BF = {
						CreatedOnToolsVersion = 14.3.1;
					};
				};
			};
			buildConfigurationList = D3817AED2A8442DB008F75BF /* Build configuration list for PBXProject "IOS PayApp" */;
			compatibilityVersion = "Xcode 13.0";
			developmentRegion = en;
			hasScannedForEncodings = 0;
			knownRegions = (
				en,
				Base,
			);
			mainGroup = D3817AE92A8442DB008F75BF;
			productRefGroup = D3817AF32A8442DB008F75BF /* Products */;
			projectDirPath = "";
			projectRoot = "";
			targets = (
				D3817AF12A8442DB008F75BF /* IOS PayApp */,
			);
		};
/* End PBXProject section */

/* Begin PBXResourcesBuildPhase section */
		D3817AF02A8442DB008F75BF /* Resources */ = {
			isa = PBXResourcesBuildPhase;
			buildActionMask = 2147483647;
			files = (
				D3817B052A8442DC008F75BF /* LaunchScreen.storyboard in Resources */,
				D3817B022A8442DC008F75BF /* Assets.xcassets in Resources */,
				D3817AFD2A8442DB008F75BF /* Main.storyboard in Resources */,
			);
			runOnlyForDeploymentPostprocessing = 0;
		};
/* End PBXResourcesBuildPhase section */

/* Begin PBXShellScriptBuildPhase section */
		5C1822E0DDBF9F04755C1F70 /* [CP] Embed Pods Frameworks */ = {
			isa = PBXShellScriptBuildPhase;
			buildActionMask = 2147483647;
			files = (
			);
			inputFileListPaths = (
				"${PODS_ROOT}/Target Support Files/Pods-IOS PayApp/Pods-IOS PayApp-frameworks-${CONFIGURATION}-input-files.xcfilelist",
			);
			name = "[CP] Embed Pods Frameworks";
			outputFileListPaths = (
				"${PODS_ROOT}/Target Support Files/Pods-IOS PayApp/Pods-IOS PayApp-frameworks-${CONFIGURATION}-output-files.xcfilelist",
			);
			runOnlyForDeploymentPostprocessing = 0;
			shellPath = /bin/sh;
			shellScript = "\"${PODS_ROOT}/Target Support Files/Pods-IOS PayApp/Pods-IOS PayApp-frameworks.sh\"\n";
			showEnvVarsInLog = 0;
		};
		E6D9ABCE094CB431637C07FA /* [CP] Check Pods Manifest.lock */ = {
			isa = PBXShellScriptBuildPhase;
			buildActionMask = 2147483647;
			files = (
			);
			inputFileListPaths = (
			);
			inputPaths = (
				"${PODS_PODFILE_DIR_PATH}/Podfile.lock",
				"${PODS_ROOT}/Manifest.lock",
			);
			name = "[CP] Check Pods Manifest.lock";
			outputFileListPaths = (
			);
			outputPaths = (
				"$(DERIVED_FILE_DIR)/Pods-IOS PayApp-checkManifestLockResult.txt",
			);
			runOnlyForDeploymentPostprocessing = 0;
			shellPath = /bin/sh;
			shellScript = "diff \"${PODS_PODFILE_DIR_PATH}/Podfile.lock\" \"${PODS_ROOT}/Manifest.lock\" > /dev/null\nif [ $? != 0 ] ; then\n    # print error to STDERR\n    echo \"error: The sandbox is not in sync with the Podfile.lock. Run 'pod install' or update your CocoaPods installation.\" >&2\n    exit 1\nfi\n# This output is used by Xcode 'outputs' to avoid re-running this script phase.\necho \"SUCCESS\" > \"${SCRIPT_OUTPUT_FILE_0}\"\n";
			showEnvVarsInLog = 0;
		};
/* End PBXShellScriptBuildPhase section */

/* Begin PBXSourcesBuildPhase section */
		D3817AEE2A8442DB008F75BF /* Sources */ = {
			isa = PBXSourcesBuildPhase;
			buildActionMask = 2147483647;
			files = (
				D37426F12A8588A100AE6F6E /* InfoBottomSheet.swift in Sources */,
				D3817B002A8442DB008F75BF /* IOS_PayApp.xcdatamodeld in Sources */,
				D3817AFA2A8442DB008F75BF /* ViewController.swift in Sources */,
				D3817AF62A8442DB008F75BF /* AppDelegate.swift in Sources */,
				D3878E342A873D2C00A704D1 /* UserProfile.swift in Sources */,
				D33861CB2A8D77A50035B02D /* Extensions.swift in Sources */,
				D37426EE2A8585C200AE6F6E /* Functions.swift in Sources */,
				D3878E312A8735B000A704D1 /* Partial.swift in Sources */,
				D33861CF2A8D898A0035B02D /* CustomCardCiew.swift in Sources */,
				D3878E3A2A876ECF00A704D1 /* SelectCountry.swift in Sources */,
				D3817AF82A8442DB008F75BF /* SceneDelegate.swift in Sources */,
			);
			runOnlyForDeploymentPostprocessing = 0;
		};
/* End PBXSourcesBuildPhase section */

/* Begin PBXVariantGroup section */
		D3817AFB2A8442DB008F75BF /* Main.storyboard */ = {
			isa = PBXVariantGroup;
			children = (
				D3817AFC2A8442DB008F75BF /* Base */,
			);
			name = Main.storyboard;
			sourceTree = "<group>";
		};
		D3817B032A8442DC008F75BF /* LaunchScreen.storyboard */ = {
			isa = PBXVariantGroup;
			children = (
				D3817B042A8442DC008F75BF /* Base */,
			);
			name = LaunchScreen.storyboard;
			sourceTree = "<group>";
		};
/* End PBXVariantGroup section */

/* Begin XCBuildConfiguration section */
		D3817B072A8442DC008F75BF /* Debug */ = {
			isa = XCBuildConfiguration;
			buildSettings = {
				ALWAYS_SEARCH_USER_PATHS = NO;
				CLANG_ANALYZER_NONNULL = YES;
				CLANG_ANALYZER_NUMBER_OBJECT_CONVERSION = YES_AGGRESSIVE;
				CLANG_CXX_LANGUAGE_STANDARD = "gnu++20";
				CLANG_ENABLE_MODULES = YES;
				CLANG_ENABLE_OBJC_ARC = YES;
				CLANG_ENABLE_OBJC_WEAK = YES;
				CLANG_WARN_BLOCK_CAPTURE_AUTORELEASING = YES;
				CLANG_WARN_BOOL_CONVERSION = YES;
				CLANG_WARN_COMMA = YES;
				CLANG_WARN_CONSTANT_CONVERSION = YES;
				CLANG_WARN_DEPRECATED_OBJC_IMPLEMENTATIONS = YES;
				CLANG_WARN_DIRECT_OBJC_ISA_USAGE = YES_ERROR;
				CLANG_WARN_DOCUMENTATION_COMMENTS = YES;
				CLANG_WARN_EMPTY_BODY = YES;
				CLANG_WARN_ENUM_CONVERSION = YES;
				CLANG_WARN_INFINITE_RECURSION = YES;
				CLANG_WARN_INT_CONVERSION = YES;
				CLANG_WARN_NON_LITERAL_NULL_CONVERSION = YES;
				CLANG_WARN_OBJC_IMPLICIT_RETAIN_SELF = YES;
				CLANG_WARN_OBJC_LITERAL_CONVERSION = YES;
				CLANG_WARN_OBJC_ROOT_CLASS = YES_ERROR;
				CLANG_WARN_QUOTED_INCLUDE_IN_FRAMEWORK_HEADER = YES;
				CLANG_WARN_RANGE_LOOP_ANALYSIS = YES;
				CLANG_WARN_STRICT_PROTOTYPES = YES;
				CLANG_WARN_SUSPICIOUS_MOVE = YES;
				CLANG_WARN_UNGUARDED_AVAILABILITY = YES_AGGRESSIVE;
				CLANG_WARN_UNREACHABLE_CODE = YES;
				CLANG_WARN__DUPLICATE_METHOD_MATCH = YES;
				COPY_PHASE_STRIP = NO;
				DEBUG_INFORMATION_FORMAT = dwarf;
				ENABLE_STRICT_OBJC_MSGSEND = YES;
				ENABLE_TESTABILITY = YES;
				GCC_C_LANGUAGE_STANDARD = gnu11;
				GCC_DYNAMIC_NO_PIC = NO;
				GCC_NO_COMMON_BLOCKS = YES;
				GCC_OPTIMIZATION_LEVEL = 0;
				GCC_PREPROCESSOR_DEFINITIONS = (
					"DEBUG=1",
					"$(inherited)",
				);
				GCC_WARN_64_TO_32_BIT_CONVERSION = YES;
				GCC_WARN_ABOUT_RETURN_TYPE = YES_ERROR;
				GCC_WARN_UNDECLARED_SELECTOR = YES;
				GCC_WARN_UNINITIALIZED_AUTOS = YES_AGGRESSIVE;
				GCC_WARN_UNUSED_FUNCTION = YES;
				GCC_WARN_UNUSED_VARIABLE = YES;
				IPHONEOS_DEPLOYMENT_TARGET = 16.4;
				MTL_ENABLE_DEBUG_INFO = INCLUDE_SOURCE;
				MTL_FAST_MATH = YES;
				ONLY_ACTIVE_ARCH = YES;
				SDKROOT = iphoneos;
				SWIFT_ACTIVE_COMPILATION_CONDITIONS = DEBUG;
				SWIFT_OPTIMIZATION_LEVEL = "-Onone";
			};
			name = Debug;
		};
		D3817B082A8442DC008F75BF /* Release */ = {
			isa = XCBuildConfiguration;
			buildSettings = {
				ALWAYS_SEARCH_USER_PATHS = NO;
				CLANG_ANALYZER_NONNULL = YES;
				CLANG_ANALYZER_NUMBER_OBJECT_CONVERSION = YES_AGGRESSIVE;
				CLANG_CXX_LANGUAGE_STANDARD = "gnu++20";
				CLANG_ENABLE_MODULES = YES;
				CLANG_ENABLE_OBJC_ARC = YES;
				CLANG_ENABLE_OBJC_WEAK = YES;
				CLANG_WARN_BLOCK_CAPTURE_AUTORELEASING = YES;
				CLANG_WARN_BOOL_CONVERSION = YES;
				CLANG_WARN_COMMA = YES;
				CLANG_WARN_CONSTANT_CONVERSION = YES;
				CLANG_WARN_DEPRECATED_OBJC_IMPLEMENTATIONS = YES;
				CLANG_WARN_DIRECT_OBJC_ISA_USAGE = YES_ERROR;
				CLANG_WARN_DOCUMENTATION_COMMENTS = YES;
				CLANG_WARN_EMPTY_BODY = YES;
				CLANG_WARN_ENUM_CONVERSION = YES;
				CLANG_WARN_INFINITE_RECURSION = YES;
				CLANG_WARN_INT_CONVERSION = YES;
				CLANG_WARN_NON_LITERAL_NULL_CONVERSION = YES;
				CLANG_WARN_OBJC_IMPLICIT_RETAIN_SELF = YES;
				CLANG_WARN_OBJC_LITERAL_CONVERSION = YES;
				CLANG_WARN_OBJC_ROOT_CLASS = YES_ERROR;
				CLANG_WARN_QUOTED_INCLUDE_IN_FRAMEWORK_HEADER = YES;
				CLANG_WARN_RANGE_LOOP_ANALYSIS = YES;
				CLANG_WARN_STRICT_PROTOTYPES = YES;
				CLANG_WARN_SUSPICIOUS_MOVE = YES;
				CLANG_WARN_UNGUARDED_AVAILABILITY = YES_AGGRESSIVE;
				CLANG_WARN_UNREACHABLE_CODE = YES;
				CLANG_WARN__DUPLICATE_METHOD_MATCH = YES;
				COPY_PHASE_STRIP = NO;
				DEBUG_INFORMATION_FORMAT = "dwarf-with-dsym";
				ENABLE_NS_ASSERTIONS = NO;
				ENABLE_STRICT_OBJC_MSGSEND = YES;
				GCC_C_LANGUAGE_STANDARD = gnu11;
				GCC_NO_COMMON_BLOCKS = YES;
				GCC_WARN_64_TO_32_BIT_CONVERSION = YES;
				GCC_WARN_ABOUT_RETURN_TYPE = YES_ERROR;
				GCC_WARN_UNDECLARED_SELECTOR = YES;
				GCC_WARN_UNINITIALIZED_AUTOS = YES_AGGRESSIVE;
				GCC_WARN_UNUSED_FUNCTION = YES;
				GCC_WARN_UNUSED_VARIABLE = YES;
				IPHONEOS_DEPLOYMENT_TARGET = 16.4;
				MTL_ENABLE_DEBUG_INFO = NO;
				MTL_FAST_MATH = YES;
				SDKROOT = iphoneos;
				SWIFT_COMPILATION_MODE = wholemodule;
				SWIFT_OPTIMIZATION_LEVEL = "-O";
				VALIDATE_PRODUCT = YES;
			};
			name = Release;
		};
		D3817B0A2A8442DC008F75BF /* Debug */ = {
			isa = XCBuildConfiguration;
			baseConfigurationReference = DA7D164B2E7CE6E6B2143B66 /* Pods-IOS PayApp.debug.xcconfig */;
			buildSettings = {
				ASSETCATALOG_COMPILER_APPICON_NAME = AppIcon;
				ASSETCATALOG_COMPILER_GLOBAL_ACCENT_COLOR_NAME = AccentColor;
				CODE_SIGN_STYLE = Automatic;
				CURRENT_PROJECT_VERSION = 1;
				DEVELOPMENT_TEAM = C2QLS54M5W;
				GENERATE_INFOPLIST_FILE = YES;
				INFOPLIST_FILE = "IOS PayApp/Info.plist";
				INFOPLIST_KEY_UIApplicationSupportsIndirectInputEvents = YES;
				INFOPLIST_KEY_UILaunchStoryboardName = LaunchScreen;
				INFOPLIST_KEY_UIMainStoryboardFile = Main;
				INFOPLIST_KEY_UISupportedInterfaceOrientations_iPad = "UIInterfaceOrientationPortrait UIInterfaceOrientationPortraitUpsideDown UIInterfaceOrientationLandscapeLeft UIInterfaceOrientationLandscapeRight";
				INFOPLIST_KEY_UISupportedInterfaceOrientations_iPhone = "UIInterfaceOrientationPortrait UIInterfaceOrientationLandscapeLeft UIInterfaceOrientationLandscapeRight";
				LD_RUNPATH_SEARCH_PATHS = (
					"$(inherited)",
					"@executable_path/Frameworks",
				);
				MARKETING_VERSION = 1.0;
				PRODUCT_BUNDLE_IDENTIFIER = "com.iosbuild.app.IOS-PayApp";
				PRODUCT_NAME = "$(TARGET_NAME)";
				SWIFT_EMIT_LOC_STRINGS = YES;
				SWIFT_VERSION = 5.0;
				TARGETED_DEVICE_FAMILY = "1,2";
			};
			name = Debug;
		};
		D3817B0B2A8442DC008F75BF /* Release */ = {
			isa = XCBuildConfiguration;
			baseConfigurationReference = AD4FFE5AFA4BE4F0727CFA46 /* Pods-IOS PayApp.release.xcconfig */;
			buildSettings = {
				ASSETCATALOG_COMPILER_APPICON_NAME = AppIcon;
				ASSETCATALOG_COMPILER_GLOBAL_ACCENT_COLOR_NAME = AccentColor;
				CODE_SIGN_STYLE = Automatic;
				CURRENT_PROJECT_VERSION = 1;
				DEVELOPMENT_TEAM = C2QLS54M5W;
				GENERATE_INFOPLIST_FILE = YES;
				INFOPLIST_FILE = "IOS PayApp/Info.plist";
				INFOPLIST_KEY_UIApplicationSupportsIndirectInputEvents = YES;
				INFOPLIST_KEY_UILaunchStoryboardName = LaunchScreen;
				INFOPLIST_KEY_UIMainStoryboardFile = Main;
				INFOPLIST_KEY_UISupportedInterfaceOrientations_iPad = "UIInterfaceOrientationPortrait UIInterfaceOrientationPortraitUpsideDown UIInterfaceOrientationLandscapeLeft UIInterfaceOrientationLandscapeRight";
				INFOPLIST_KEY_UISupportedInterfaceOrientations_iPhone = "UIInterfaceOrientationPortrait UIInterfaceOrientationLandscapeLeft UIInterfaceOrientationLandscapeRight";
				LD_RUNPATH_SEARCH_PATHS = (
					"$(inherited)",
					"@executable_path/Frameworks",
				);
				MARKETING_VERSION = 1.0;
				PRODUCT_BUNDLE_IDENTIFIER = "com.iosbuild.app.IOS-PayApp";
				PRODUCT_NAME = "$(TARGET_NAME)";
				SWIFT_EMIT_LOC_STRINGS = YES;
				SWIFT_VERSION = 5.0;
				TARGETED_DEVICE_FAMILY = "1,2";
			};
			name = Release;
		};
/* End XCBuildConfiguration section */

/* Begin XCConfigurationList section */
		D3817AED2A8442DB008F75BF /* Build configuration list for PBXProject "IOS PayApp" */ = {
			isa = XCConfigurationList;
			buildConfigurations = (
				D3817B072A8442DC008F75BF /* Debug */,
				D3817B082A8442DC008F75BF /* Release */,
			);
			defaultConfigurationIsVisible = 0;
			defaultConfigurationName = Release;
		};
		D3817B092A8442DC008F75BF /* Build configuration list for PBXNativeTarget "IOS PayApp" */ = {
			isa = XCConfigurationList;
			buildConfigurations = (
				D3817B0A2A8442DC008F75BF /* Debug */,
				D3817B0B2A8442DC008F75BF /* Release */,
			);
			defaultConfigurationIsVisible = 0;
			defaultConfigurationName = Release;
		};
/* End XCConfigurationList section */

/* Begin XCVersionGroup section */
		D3817AFE2A8442DB008F75BF /* IOS_PayApp.xcdatamodeld */ = {
			isa = XCVersionGroup;
			children = (
				D3817AFF2A8442DB008F75BF /* IOS_PayApp.xcdatamodel */,
			);
			currentVersion = D3817AFF2A8442DB008F75BF /* IOS_PayApp.xcdatamodel */;
			path = IOS_PayApp.xcdatamodeld;
			sourceTree = "<group>";
			versionGroupType = wrapper.xcdatamodel;
		};
/* End XCVersionGroup section */
	};
	rootObject = D3817AEA2A8442DB008F75BF /* Project object */;
}
